
Microsoft Visual Studio Solution File, Format Version 11.00
# Visual Studio 2010
Project("{FAE04EC0-301F-11D3-BF4B-00C04F79EFBC}") = "Rimisan.UI.WinForms", "Rimisan.UI.WinForms\Rimisan.UI.WinForms.csproj", "{7B5280D0-FD2A-4425-B205-97FD3DCC668E}"
EndProject
Project("{2150E333-8FDC-42A3-9474-1A3956D46DE8}") = "Solution Items", "Solution Items", "{984B1B50-0D4B-4841-BBEB-227689244621}"
	ProjectSection(SolutionItems) = preProject
		Local.testsettings = Local.testsettings
		Rimisan.Mimos.vsmdi = Rimisan.Mimos.vsmdi
		TraceAndTestImpact.testsettings = TraceAndTestImpact.testsettings
	EndProjectSection
EndProject
Project("{FAE04EC0-301F-11D3-BF4B-00C04F79EFBC}") = "Rimisan.UI.WinForms.Test", "Testes\Rimisan.UI.WinForms.Test\Rimisan.UI.WinForms.Test.csproj", "{11A38184-FA0B-45CF-A3F1-7B80C013B43F}"
EndProject
Global
	GlobalSection(TestCaseManagementSettings) = postSolution
		CategoryFile = Rimisan.Mimos.vsmdi
	EndGlobalSection
	GlobalSection(SolutionConfigurationPlatforms) = preSolution
		Debug|Any CPU = Debug|Any CPU
		Release|Any CPU = Release|Any CPU
	EndGlobalSection
	GlobalSection(ProjectConfigurationPlatforms) = postSolution
		{7B5280D0-FD2A-4425-B205-97FD3DCC668E}.Debug|Any CPU.ActiveCfg = Debug|Any CPU
		{7B5280D0-FD2A-4425-B205-97FD3DCC668E}.Debug|Any CPU.Build.0 = Debug|Any CPU
		{7B5280D0-FD2A-4425-B205-97FD3DCC668E}.Release|Any CPU.ActiveCfg = Release|Any CPU
		{7B5280D0-FD2A-4425-B205-97FD3DCC668E}.Release|Any CPU.Build.0 = Release|Any CPU
		{11A38184-FA0B-45CF-A3F1-7B80C013B43F}.Debug|Any CPU.ActiveCfg = Debug|Any CPU
		{11A38184-FA0B-45CF-A3F1-7B80C013B43F}.Debug|Any CPU.Build.0 = Debug|Any CPU
		{11A38184-FA0B-45CF-A3F1-7B80C013B43F}.Release|Any CPU.ActiveCfg = Release|Any CPU
		{11A38184-FA0B-45CF-A3F1-7B80C013B43F}.Release|Any CPU.Build.0 = Release|Any CPU
	EndGlobalSection
	GlobalSection(SolutionProperties) = preSolution
		HideSolutionNode = FALSE
	EndGlobalSection
EndGlobal
